
Microsoft Visual Studio Solution File, Format Version 12.00
# Visual Studio Version 17
VisualStudioVersion = 17.0.31903.59
MinimumVisualStudioVersion = 10.0.40219.1
Project("{2150E333-8FDC-42A3-9474-1A3956D46DE8}") = "src", "src", "{827E0CD3-B72D-47B6-A68D-7590B98EB39B}"
EndProject
Project("{FAE04EC0-301F-11D3-BF4B-00C04F79EFBC}") = "Scinverse.Ohs.Domain", "src\Scinverse.Ohs.Domain\Scinverse.Ohs.Domain.csproj", "{F8AC9EB4-3DDB-4BBE-B5CE-8A843CBCFB01}"
EndProject
Project("{FAE04EC0-301F-11D3-BF4B-00C04F79EFBC}") = "Scinverse.Ohs.Connectors.Transaq", "src\Scinverse.Ohs.Connectors.Transaq\Scinverse.Ohs.Connectors.Transaq.csproj", "{4A4DD801-68B4-4467-81F4-2E2224EB9E04}"
EndProject
Project("{FAE04EC0-301F-11D3-BF4B-00C04F79EFBC}") = "Scinverse.Ohs.Ingestion", "src\Scinverse.Ohs.Ingestion\Scinverse.Ohs.Ingestion.csproj", "{06AF66A3-ADDF-4147-88E7-BFA5F8A72AA8}"
EndProject
Project("{FAE04EC0-301F-11D3-BF4B-00C04F79EFBC}") = "Scinverse.Ohs.Storage.Timescale", "src\Scinverse.Ohs.Storage.Timescale\Scinverse.Ohs.Storage.Timescale.csproj", "{D08CD0A5-EF55-4660-9CA5-21A56926D758}"
EndProject
Project("{FAE04EC0-301F-11D3-BF4B-00C04F79EFBC}") = "Scinverse.Ohs.Host", "src\Scinverse.Ohs.Host\Scinverse.Ohs.Host.csproj", "{D5CE5D80-6FAE-4A54-92C6-5E78B5945C07}"
EndProject
Project("{FAE04EC0-301F-11D3-BF4B-00C04F79EFBC}") = "Scinverse.Ohs.UnitTests", "tests\Scinverse.Ohs.UnitTests\Scinverse.Ohs.UnitTests.csproj", "{81DB341F-9AF6-4A1E-A550-0B664083EC99}"
EndProject
Project("{FAE04EC0-301F-11D3-BF4B-00C04F79EFBC}") = "Scinverse.Ohs.IntegrationTests", "tests\Scinverse.Ohs.IntegrationTests\Scinverse.Ohs.IntegrationTests.csproj", "{15F2AFF3-5BFD-4CE7-8F6B-453EE3BA5697}"
EndProject
Project("{FAE04EC0-301F-11D3-BF4B-00C04F79EFBC}") = "Scinverse.Db.Migrator", "..\..\db\Scinverse.Db.Migrator\Scinverse.Db.Migrator.csproj", "{D5994252-5124-4D33-A37B-178C291D4F6A}"
EndProject
Project("{FAE04EC0-301F-11D3-BF4B-00C04F79EFBC}") = "Scinverse.Ohs.Contracts", "src\Scinverse.Ohs.Contracts\Scinverse.Ohs.Contracts.csproj", "{C8B12EAB-E83A-4CC7-9D4F-2C70A3FFB452}"
EndProject
Project("{2150E333-8FDC-42A3-9474-1A3956D46DE8}") = "tests", "tests", "{0AB3BF05-4346-4AA6-1389-037BE0695223}"
EndProject
Project("{FAE04EC0-301F-11D3-BF4B-00C04F79EFBC}") = "Scinverse.Ohs.ApiTests", "tests\Scinverse.Ohs.ApiTests\Scinverse.Ohs.ApiTests.csproj", "{BDABB002-3726-483F-B4B4-EC60BD088561}"
EndProject
Global
	GlobalSection(SolutionConfigurationPlatforms) = preSolution
		Debug|Any CPU = Debug|Any CPU
		Debug|x64 = Debug|x64
		Debug|x86 = Debug|x86
		Release|Any CPU = Release|Any CPU
		Release|x64 = Release|x64
		Release|x86 = Release|x86
	EndGlobalSection
	GlobalSection(ProjectConfigurationPlatforms) = postSolution
		{F8AC9EB4-3DDB-4BBE-B5CE-8A843CBCFB01}.Debug|Any CPU.ActiveCfg = Debug|Any CPU
		{F8AC9EB4-3DDB-4BBE-B5CE-8A843CBCFB01}.Debug|Any CPU.Build.0 = Debug|Any CPU
		{F8AC9EB4-3DDB-4BBE-B5CE-8A843CBCFB01}.Debug|x64.ActiveCfg = Debug|Any CPU
		{F8AC9EB4-3DDB-4BBE-B5CE-8A843CBCFB01}.Debug|x64.Build.0 = Debug|Any CPU
		{F8AC9EB4-3DDB-4BBE-B5CE-8A843CBCFB01}.Debug|x86.ActiveCfg = Debug|Any CPU
		{F8AC9EB4-3DDB-4BBE-B5CE-8A843CBCFB01}.Debug|x86.Build.0 = Debug|Any CPU
		{F8AC9EB4-3DDB-4BBE-B5CE-8A843CBCFB01}.Release|Any CPU.ActiveCfg = Release|Any CPU
		{F8AC9EB4-3DDB-4BBE-B5CE-8A843CBCFB01}.Release|Any CPU.Build.0 = Release|Any CPU
		{F8AC9EB4-3DDB-4BBE-B5CE-8A843CBCFB01}.Release|x64.ActiveCfg = Release|Any CPU
		{F8AC9EB4-3DDB-4BBE-B5CE-8A843CBCFB01}.Release|x64.Build.0 = Release|Any CPU
		{F8AC9EB4-3DDB-4BBE-B5CE-8A843CBCFB01}.Release|x86.ActiveCfg = Release|Any CPU
		{F8AC9EB4-3DDB-4BBE-B5CE-8A843CBCFB01}.Release|x86.Build.0 = Release|Any CPU
		{4A4DD801-68B4-4467-81F4-2E2224EB9E04}.Debug|Any CPU.ActiveCfg = Debug|Any CPU
		{4A4DD801-68B4-4467-81F4-2E2224EB9E04}.Debug|Any CPU.Build.0 = Debug|Any CPU
		{4A4DD801-68B4-4467-81F4-2E2224EB9E04}.Debug|x64.ActiveCfg = Debug|Any CPU
		{4A4DD801-68B4-4467-81F4-2E2224EB9E04}.Debug|x64.Build.0 = Debug|Any CPU
		{4A4DD801-68B4-4467-81F4-2E2224EB9E04}.Debug|x86.ActiveCfg = Debug|Any CPU
		{4A4DD801-68B4-4467-81F4-2E2224EB9E04}.Debug|x86.Build.0 = Debug|Any CPU
		{4A4DD801-68B4-4467-81F4-2E2224EB9E04}.Release|Any CPU.ActiveCfg = Release|Any CPU
		{4A4DD801-68B4-4467-81F4-2E2224EB9E04}.Release|Any CPU.Build.0 = Release|Any CPU
		{4A4DD801-68B4-4467-81F4-2E2224EB9E04}.Release|x64.ActiveCfg = Release|Any CPU
		{4A4DD801-68B4-4467-81F4-2E2224EB9E04}.Release|x64.Build.0 = Release|Any CPU
		{4A4DD801-68B4-4467-81F4-2E2224EB9E04}.Release|x86.ActiveCfg = Release|Any CPU
		{4A4DD801-68B4-4467-81F4-2E2224EB9E04}.Release|x86.Build.0 = Release|Any CPU
		{06AF66A3-ADDF-4147-88E7-BFA5F8A72AA8}.Debug|Any CPU.ActiveCfg = Debug|Any CPU
		{06AF66A3-ADDF-4147-88E7-BFA5F8A72AA8}.Debug|Any CPU.Build.0 = Debug|Any CPU
		{06AF66A3-ADDF-4147-88E7-BFA5F8A72AA8}.Debug|x64.ActiveCfg = Debug|Any CPU
		{06AF66A3-ADDF-4147-88E7-BFA5F8A72AA8}.Debug|x64.Build.0 = Debug|Any CPU
		{06AF66A3-ADDF-4147-88E7-BFA5F8A72AA8}.Debug|x86.ActiveCfg = Debug|Any CPU
		{06AF66A3-ADDF-4147-88E7-BFA5F8A72AA8}.Debug|x86.Build.0 = Debug|Any CPU
		{06AF66A3-ADDF-4147-88E7-BFA5F8A72AA8}.Release|Any CPU.ActiveCfg = Release|Any CPU
		{06AF66A3-ADDF-4147-88E7-BFA5F8A72AA8}.Release|Any CPU.Build.0 = Release|Any CPU
		{06AF66A3-ADDF-4147-88E7-BFA5F8A72AA8}.Release|x64.ActiveCfg = Release|Any CPU
		{06AF66A3-ADDF-4147-88E7-BFA5F8A72AA8}.Release|x64.Build.0 = Release|Any CPU
		{06AF66A3-ADDF-4147-88E7-BFA5F8A72AA8}.Release|x86.ActiveCfg = Release|Any CPU
		{06AF66A3-ADDF-4147-88E7-BFA5F8A72AA8}.Release|x86.Build.0 = Release|Any CPU
		{D08CD0A5-EF55-4660-9CA5-21A56926D758}.Debug|Any CPU.ActiveCfg = Debug|Any CPU
		{D08CD0A5-EF55-4660-9CA5-21A56926D758}.Debug|Any CPU.Build.0 = Debug|Any CPU
		{D08CD0A5-EF55-4660-9CA5-21A56926D758}.Debug|x64.ActiveCfg = Debug|Any CPU
		{D08CD0A5-EF55-4660-9CA5-21A56926D758}.Debug|x64.Build.0 = Debug|Any CPU
		{D08CD0A5-EF55-4660-9CA5-21A56926D758}.Debug|x86.ActiveCfg = Debug|Any CPU
		{D08CD0A5-EF55-4660-9CA5-21A56926D758}.Debug|x86.Build.0 = Debug|Any CPU
		{D08CD0A5-EF55-4660-9CA5-21A56926D758}.Release|Any CPU.ActiveCfg = Release|Any CPU
		{D08CD0A5-EF55-4660-9CA5-21A56926D758}.Release|Any CPU.Build.0 = Release|Any CPU
		{D08CD0A5-EF55-4660-9CA5-21A56926D758}.Release|x64.ActiveCfg = Release|Any CPU
		{D08CD0A5-EF55-4660-9CA5-21A56926D758}.Release|x64.Build.0 = Release|Any CPU
		{D08CD0A5-EF55-4660-9CA5-21A56926D758}.Release|x86.ActiveCfg = Release|Any CPU
		{D08CD0A5-EF55-4660-9CA5-21A56926D758}.Release|x86.Build.0 = Release|Any CPU
		{D5CE5D80-6FAE-4A54-92C6-5E78B5945C07}.Debug|Any CPU.ActiveCfg = Debug|Any CPU
		{D5CE5D80-6FAE-4A54-92C6-5E78B5945C07}.Debug|Any CPU.Build.0 = Debug|Any CPU
		{D5CE5D80-6FAE-4A54-92C6-5E78B5945C07}.Debug|x64.ActiveCfg = Debug|Any CPU
		{D5CE5D80-6FAE-4A54-92C6-5E78B5945C07}.Debug|x64.Build.0 = Debug|Any CPU
		{D5CE5D80-6FAE-4A54-92C6-5E78B5945C07}.Debug|x86.ActiveCfg = Debug|Any CPU
		{D5CE5D80-6FAE-4A54-92C6-5E78B5945C07}.Debug|x86.Build.0 = Debug|Any CPU
		{D5CE5D80-6FAE-4A54-92C6-5E78B5945C07}.Release|Any CPU.ActiveCfg = Release|Any CPU
		{D5CE5D80-6FAE-4A54-92C6-5E78B5945C07}.Release|Any CPU.Build.0 = Release|Any CPU
		{D5CE5D80-6FAE-4A54-92C6-5E78B5945C07}.Release|x64.ActiveCfg = Release|Any CPU
		{D5CE5D80-6FAE-4A54-92C6-5E78B5945C07}.Release|x64.Build.0 = Release|Any CPU
		{D5CE5D80-6FAE-4A54-92C6-5E78B5945C07}.Release|x86.ActiveCfg = Release|Any CPU
		{D5CE5D80-6FAE-4A54-92C6-5E78B5945C07}.Release|x86.Build.0 = Release|Any CPU
		{81DB341F-9AF6-4A1E-A550-0B664083EC99}.Debug|Any CPU.ActiveCfg = Debug|Any CPU
		{81DB341F-9AF6-4A1E-A550-0B664083EC99}.Debug|Any CPU.Build.0 = Debug|Any CPU
		{81DB341F-9AF6-4A1E-A550-0B664083EC99}.Debug|x64.ActiveCfg = Debug|Any CPU
		{81DB341F-9AF6-4A1E-A550-0B664083EC99}.Debug|x64.Build.0 = Debug|Any CPU
		{81DB341F-9AF6-4A1E-A550-0B664083EC99}.Debug|x86.ActiveCfg = Debug|Any CPU
		{81DB341F-9AF6-4A1E-A550-0B664083EC99}.Debug|x86.Build.0 = Debug|Any CPU
		{81DB341F-9AF6-4A1E-A550-0B664083EC99}.Release|Any CPU.ActiveCfg = Release|Any CPU
		{81DB341F-9AF6-4A1E-A550-0B664083EC99}.Release|Any CPU.Build.0 = Release|Any CPU
		{81DB341F-9AF6-4A1E-A550-0B664083EC99}.Release|x64.ActiveCfg = Release|Any CPU
		{81DB341F-9AF6-4A1E-A550-0B664083EC99}.Release|x64.Build.0 = Release|Any CPU
		{81DB341F-9AF6-4A1E-A550-0B664083EC99}.Release|x86.ActiveCfg = Release|Any CPU
		{81DB341F-9AF6-4A1E-A550-0B664083EC99}.Release|x86.Build.0 = Release|Any CPU
		{15F2AFF3-5BFD-4CE7-8F6B-453EE3BA5697}.Debug|Any CPU.ActiveCfg = Debug|Any CPU
		{15F2AFF3-5BFD-4CE7-8F6B-453EE3BA5697}.Debug|Any CPU.Build.0 = Debug|Any CPU
		{15F2AFF3-5BFD-4CE7-8F6B-453EE3BA5697}.Debug|x64.ActiveCfg = Debug|Any CPU
		{15F2AFF3-5BFD-4CE7-8F6B-453EE3BA5697}.Debug|x64.Build.0 = Debug|Any CPU
		{15F2AFF3-5BFD-4CE7-8F6B-453EE3BA5697}.Debug|x86.ActiveCfg = Debug|Any CPU
		{15F2AFF3-5BFD-4CE7-8F6B-453EE3BA5697}.Debug|x86.Build.0 = Debug|Any CPU
		{15F2AFF3-5BFD-4CE7-8F6B-453EE3BA5697}.Release|Any CPU.ActiveCfg = Release|Any CPU
		{15F2AFF3-5BFD-4CE7-8F6B-453EE3BA5697}.Release|Any CPU.Build.0 = Release|Any CPU
		{15F2AFF3-5BFD-4CE7-8F6B-453EE3BA5697}.Release|x64.ActiveCfg = Release|Any CPU
		{15F2AFF3-5BFD-4CE7-8F6B-453EE3BA5697}.Release|x64.Build.0 = Release|Any CPU
		{15F2AFF3-5BFD-4CE7-8F6B-453EE3BA5697}.Release|x86.ActiveCfg = Release|Any CPU
		{15F2AFF3-5BFD-4CE7-8F6B-453EE3BA5697}.Release|x86.Build.0 = Release|Any CPU
		{D5994252-5124-4D33-A37B-178C291D4F6A}.Debug|Any CPU.ActiveCfg = Debug|Any CPU
		{D5994252-5124-4D33-A37B-178C291D4F6A}.Debug|Any CPU.Build.0 = Debug|Any CPU
		{D5994252-5124-4D33-A37B-178C291D4F6A}.Debug|x64.ActiveCfg = Debug|Any CPU
		{D5994252-5124-4D33-A37B-178C291D4F6A}.Debug|x64.Build.0 = Debug|Any CPU
		{D5994252-5124-4D33-A37B-178C291D4F6A}.Debug|x86.ActiveCfg = Debug|Any CPU
		{D5994252-5124-4D33-A37B-178C291D4F6A}.Debug|x86.Build.0 = Debug|Any CPU
		{D5994252-5124-4D33-A37B-178C291D4F6A}.Release|Any CPU.ActiveCfg = Release|Any CPU
		{D5994252-5124-4D33-A37B-178C291D4F6A}.Release|Any CPU.Build.0 = Release|Any CPU
		{D5994252-5124-4D33-A37B-178C291D4F6A}.Release|x64.ActiveCfg = Release|Any CPU
		{D5994252-5124-4D33-A37B-178C291D4F6A}.Release|x64.Build.0 = Release|Any CPU
		{D5994252-5124-4D33-A37B-178C291D4F6A}.Release|x86.ActiveCfg = Release|Any CPU
		{D5994252-5124-4D33-A37B-178C291D4F6A}.Release|x86.Build.0 = Release|Any CPU
		{C8B12EAB-E83A-4CC7-9D4F-2C70A3FFB452}.Debug|Any CPU.ActiveCfg = Debug|Any CPU
		{C8B12EAB-E83A-4CC7-9D4F-2C70A3FFB452}.Debug|Any CPU.Build.0 = Debug|Any CPU
		{C8B12EAB-E83A-4CC7-9D4F-2C70A3FFB452}.Debug|x64.ActiveCfg = Debug|Any CPU
		{C8B12EAB-E83A-4CC7-9D4F-2C70A3FFB452}.Debug|x64.Build.0 = Debug|Any CPU
		{C8B12EAB-E83A-4CC7-9D4F-2C70A3FFB452}.Debug|x86.ActiveCfg = Debug|Any CPU
		{C8B12EAB-E83A-4CC7-9D4F-2C70A3FFB452}.Debug|x86.Build.0 = Debug|Any CPU
		{C8B12EAB-E83A-4CC7-9D4F-2C70A3FFB452}.Release|Any CPU.ActiveCfg = Release|Any CPU
		{C8B12EAB-E83A-4CC7-9D4F-2C70A3FFB452}.Release|Any CPU.Build.0 = Release|Any CPU
		{C8B12EAB-E83A-4CC7-9D4F-2C70A3FFB452}.Release|x64.ActiveCfg = Release|Any CPU
		{C8B12EAB-E83A-4CC7-9D4F-2C70A3FFB452}.Release|x64.Build.0 = Release|Any CPU
		{C8B12EAB-E83A-4CC7-9D4F-2C70A3FFB452}.Release|x86.ActiveCfg = Release|Any CPU
		{C8B12EAB-E83A-4CC7-9D4F-2C70A3FFB452}.Release|x86.Build.0 = Release|Any CPU
		{BDABB002-3726-483F-B4B4-EC60BD088561}.Debug|Any CPU.ActiveCfg = Debug|Any CPU
		{BDABB002-3726-483F-B4B4-EC60BD088561}.Debug|Any CPU.Build.0 = Debug|Any CPU
		{BDABB002-3726-483F-B4B4-EC60BD088561}.Debug|x64.ActiveCfg = Debug|Any CPU
		{BDABB002-3726-483F-B4B4-EC60BD088561}.Debug|x64.Build.0 = Debug|Any CPU
		{BDABB002-3726-483F-B4B4-EC60BD088561}.Debug|x86.ActiveCfg = Debug|Any CPU
		{BDABB002-3726-483F-B4B4-EC60BD088561}.Debug|x86.Build.0 = Debug|Any CPU
		{BDABB002-3726-483F-B4B4-EC60BD088561}.Release|Any CPU.ActiveCfg = Release|Any CPU
		{BDABB002-3726-483F-B4B4-EC60BD088561}.Release|Any CPU.Build.0 = Release|Any CPU
		{BDABB002-3726-483F-B4B4-EC60BD088561}.Release|x64.ActiveCfg = Release|Any CPU
		{BDABB002-3726-483F-B4B4-EC60BD088561}.Release|x64.Build.0 = Release|Any CPU
		{BDABB002-3726-483F-B4B4-EC60BD088561}.Release|x86.ActiveCfg = Release|Any CPU
		{BDABB002-3726-483F-B4B4-EC60BD088561}.Release|x86.Build.0 = Release|Any CPU
	EndGlobalSection
	GlobalSection(SolutionProperties) = preSolution
		HideSolutionNode = FALSE
	EndGlobalSection
	GlobalSection(NestedProjects) = preSolution
		{F8AC9EB4-3DDB-4BBE-B5CE-8A843CBCFB01} = {827E0CD3-B72D-47B6-A68D-7590B98EB39B}
		{4A4DD801-68B4-4467-81F4-2E2224EB9E04} = {827E0CD3-B72D-47B6-A68D-7590B98EB39B}
		{06AF66A3-ADDF-4147-88E7-BFA5F8A72AA8} = {827E0CD3-B72D-47B6-A68D-7590B98EB39B}
		{D08CD0A5-EF55-4660-9CA5-21A56926D758} = {827E0CD3-B72D-47B6-A68D-7590B98EB39B}
		{D5CE5D80-6FAE-4A54-92C6-5E78B5945C07} = {827E0CD3-B72D-47B6-A68D-7590B98EB39B}
		{81DB341F-9AF6-4A1E-A550-0B664083EC99} = {827E0CD3-B72D-47B6-A68D-7590B98EB39B}
		{15F2AFF3-5BFD-4CE7-8F6B-453EE3BA5697} = {827E0CD3-B72D-47B6-A68D-7590B98EB39B}
		{D5994252-5124-4D33-A37B-178C291D4F6A} = {827E0CD3-B72D-47B6-A68D-7590B98EB39B}
		{C8B12EAB-E83A-4CC7-9D4F-2C70A3FFB452} = {827E0CD3-B72D-47B6-A68D-7590B98EB39B}
		{BDABB002-3726-483F-B4B4-EC60BD088561} = {0AB3BF05-4346-4AA6-1389-037BE0695223}
	EndGlobalSection
EndGlobal
